// !$*UTF8*$!
{
	archiveVersion = 1;
	classes = {
	};
	objectVersion = 46;
	objects = {

/* Begin PBXBuildFile section */
		CD0D719C14E1BE3800B12C38 /* glossy_button_blank_black_rectangle.png in Resources */ = {isa = PBXBuildFile; fileRef = CD0D719B14E1BE3800B12C38 /* glossy_button_blank_black_rectangle.png */; };
		CD0D719F14E1C21800B12C38 /* glossy_button_blank_green_rectangle.png in Resources */ = {isa = PBXBuildFile; fileRef = CD0D719E14E1C21800B12C38 /* glossy_button_blank_green_rectangle.png */; };
		CD0D71A114E1C28200B12C38 /* glossy_button_blank_red_rectangle.png in Resources */ = {isa = PBXBuildFile; fileRef = CD0D71A014E1C28200B12C38 /* glossy_button_blank_red_rectangle.png */; };
		CD0D71A314E1C35400B12C38 /* glossy_button_blank_blue_rectangle.png in Resources */ = {isa = PBXBuildFile; fileRef = CD0D71A214E1C35400B12C38 /* glossy_button_blank_blue_rectangle.png */; };
		CD0D71A614E1C63D00B12C38 /* CreateAccountController.m in Sources */ = {isa = PBXBuildFile; fileRef = CD0D71A514E1C63D00B12C38 /* CreateAccountController.m */; };
		CD0D71A814E1C97100B12C38 /* CreateAccountView.xib in Resources */ = {isa = PBXBuildFile; fileRef = CD0D71A714E1C97100B12C38 /* CreateAccountView.xib */; };
		CD18398914C8B042003BFC54 /* LabelMeImage.jpg in Resources */ = {isa = PBXBuildFile; fileRef = CD18398814C8B042003BFC54 /* LabelMeImage.jpg */; };
		CD22C0C314D0730900404461 /* LabelMeImage.png in Resources */ = {isa = PBXBuildFile; fileRef = CD22C0C014D0730900404461 /* LabelMeImage.png */; };
		CD22C0C414D0730900404461 /* LabelMeImage1.jpg in Resources */ = {isa = PBXBuildFile; fileRef = CD22C0C114D0730900404461 /* LabelMeImage1.jpg */; };
		CD22C0C514D0730900404461 /* LabelMeImage2.jpg in Resources */ = {isa = PBXBuildFile; fileRef = CD22C0C214D0730900404461 /* LabelMeImage2.jpg */; };
		CD22C0C814D0751400404461 /* LabelMeIcon.png in Resources */ = {isa = PBXBuildFile; fileRef = CD22C0C714D0751400404461 /* LabelMeIcon.png */; };
		CD22C0CA14D0753A00404461 /* LabelMeIcon.png in Resources */ = {isa = PBXBuildFile; fileRef = CD22C0C914D0753A00404461 /* LabelMeIcon.png */; };
		CD22C0D114D0A04900404461 /* BoxDrawView.m in Sources */ = {isa = PBXBuildFile; fileRef = CD22C0D014D0A04900404461 /* BoxDrawView.m */; };
		CD2819881448C01F00634D37 /* CameraOverlay.xib in Resources */ = {isa = PBXBuildFile; fileRef = CD2819871448C01F00634D37 /* CameraOverlay.xib */; };
		CD8AD707143A38DB005FCCFC /* AnnotationViewController.m in Sources */ = {isa = PBXBuildFile; fileRef = CD8AD706143A38DB005FCCFC /* AnnotationViewController.m */; };
		CD9CBD541455E54700F15024 /* TracingOverlayViewController.m in Sources */ = {isa = PBXBuildFile; fileRef = CD9CBD531455E54700F15024 /* TracingOverlayViewController.m */; };
		CD9CBD571455E58800F15024 /* TracingOverlayView.xib in Resources */ = {isa = PBXBuildFile; fileRef = CD9CBD561455E58800F15024 /* TracingOverlayView.xib */; };
		CDC4A9C21433A5ED007660BB /* UIKit.framework in Frameworks */ = {isa = PBXBuildFile; fileRef = CDC4A9C11433A5ED007660BB /* UIKit.framework */; };
		CDC4A9C41433A5ED007660BB /* Foundation.framework in Frameworks */ = {isa = PBXBuildFile; fileRef = CDC4A9C31433A5ED007660BB /* Foundation.framework */; };
		CDC4A9C61433A5ED007660BB /* CoreGraphics.framework in Frameworks */ = {isa = PBXBuildFile; fileRef = CDC4A9C51433A5ED007660BB /* CoreGraphics.framework */; };
		CDC4A9C81433A5ED007660BB /* CoreData.framework in Frameworks */ = {isa = PBXBuildFile; fileRef = CDC4A9C71433A5ED007660BB /* CoreData.framework */; };
		CDC4A9CE1433A5ED007660BB /* InfoPlist.strings in Resources */ = {isa = PBXBuildFile; fileRef = CDC4A9CC1433A5ED007660BB /* InfoPlist.strings */; };
		CDC4A9D01433A5ED007660BB /* main.m in Sources */ = {isa = PBXBuildFile; fileRef = CDC4A9CF1433A5ED007660BB /* main.m */; };
		CDC4A9D41433A5EE007660BB /* LabelMeAppDelegate.m in Sources */ = {isa = PBXBuildFile; fileRef = CDC4A9D31433A5EE007660BB /* LabelMeAppDelegate.m */; };
		CDC4A9D71433A5EE007660BB /* LabelMe.xcdatamodeld in Sources */ = {isa = PBXBuildFile; fileRef = CDC4A9D51433A5EE007660BB /* LabelMe.xcdatamodeld */; };
		CDC4A9DB1433A5EE007660BB /* LabelMeAppDelegate_iPhone.m in Sources */ = {isa = PBXBuildFile; fileRef = CDC4A9DA1433A5EE007660BB /* LabelMeAppDelegate_iPhone.m */; };
		CDC4A9DE1433A5EE007660BB /* MainWindow_iPhone.xib in Resources */ = {isa = PBXBuildFile; fileRef = CDC4A9DC1433A5EE007660BB /* MainWindow_iPhone.xib */; };
		CDC4A9E21433A5EE007660BB /* LabelMeAppDelegate_iPad.m in Sources */ = {isa = PBXBuildFile; fileRef = CDC4A9E11433A5EE007660BB /* LabelMeAppDelegate_iPad.m */; };
		CDC4A9E51433A5EE007660BB /* MainWindow_iPad.xib in Resources */ = {isa = PBXBuildFile; fileRef = CDC4A9E31433A5EE007660BB /* MainWindow_iPad.xib */; };
		CDC4A9ED1433A5EE007660BB /* SenTestingKit.framework in Frameworks */ = {isa = PBXBuildFile; fileRef = CDC4A9EC1433A5EE007660BB /* SenTestingKit.framework */; };
		CDC4A9EE1433A5EE007660BB /* UIKit.framework in Frameworks */ = {isa = PBXBuildFile; fileRef = CDC4A9C11433A5ED007660BB /* UIKit.framework */; };
		CDC4A9EF1433A5EE007660BB /* Foundation.framework in Frameworks */ = {isa = PBXBuildFile; fileRef = CDC4A9C31433A5ED007660BB /* Foundation.framework */; };
		CDC4A9F01433A5EE007660BB /* CoreGraphics.framework in Frameworks */ = {isa = PBXBuildFile; fileRef = CDC4A9C51433A5ED007660BB /* CoreGraphics.framework */; };
		CDC4A9F11433A5EE007660BB /* CoreData.framework in Frameworks */ = {isa = PBXBuildFile; fileRef = CDC4A9C71433A5ED007660BB /* CoreData.framework */; };
		CDC4A9F91433A5EE007660BB /* InfoPlist.strings in Resources */ = {isa = PBXBuildFile; fileRef = CDC4A9F71433A5EE007660BB /* InfoPlist.strings */; };
		CDC4A9FB1433A5EE007660BB /* LabelMeTests.h in Resources */ = {isa = PBXBuildFile; fileRef = CDC4A9FA1433A5EE007660BB /* LabelMeTests.h */; };
		CDC4A9FD1433A5EE007660BB /* LabelMeTests.m in Sources */ = {isa = PBXBuildFile; fileRef = CDC4A9FC1433A5EE007660BB /* LabelMeTests.m */; };
		CDE2697A143652D400B200FE /* LabelMeViewController.m in Sources */ = {isa = PBXBuildFile; fileRef = CDE26979143652D400B200FE /* LabelMeViewController.m */; };
		CDE2697D1436542800B200FE /* CameraOverlayViewController.m in Sources */ = {isa = PBXBuildFile; fileRef = CDE2697C1436542800B200FE /* CameraOverlayViewController.m */; };
		CDE93D2714CF4E6400C4B50A /* Cloud1.png in Resources */ = {isa = PBXBuildFile; fileRef = CDE93D2314CF4E6400C4B50A /* Cloud1.png */; };
		CDE93D2814CF4E6400C4B50A /* Cloud2.png in Resources */ = {isa = PBXBuildFile; fileRef = CDE93D2414CF4E6400C4B50A /* Cloud2.png */; };
		CDE93D2914CF4E6400C4B50A /* Cloud3.png in Resources */ = {isa = PBXBuildFile; fileRef = CDE93D2514CF4E6400C4B50A /* Cloud3.png */; };
		CDE93D2A14CF4E6400C4B50A /* Cloud4.png in Resources */ = {isa = PBXBuildFile; fileRef = CDE93D2614CF4E6400C4B50A /* Cloud4.png */; };
		CDF0CDE3143F77E20094CA4F /* AnnotationView.xib in Resources */ = {isa = PBXBuildFile; fileRef = CDF0CDE2143F77E20094CA4F /* AnnotationView.xib */; };
/* End PBXBuildFile section */

/* Begin PBXContainerItemProxy section */
		CDC4A9F21433A5EE007660BB /* PBXContainerItemProxy */ = {
			isa = PBXContainerItemProxy;
			containerPortal = CDC4A9B41433A5ED007660BB /* Project object */;
			proxyType = 1;
			remoteGlobalIDString = CDC4A9BC1433A5ED007660BB;
			remoteInfo = LabelMe;
		};
/* End PBXContainerItemProxy section */

/* Begin PBXFileReference section */
		CD0D719B14E1BE3800B12C38 /* glossy_button_blank_black_rectangle.png */ = {isa = PBXFileReference; lastKnownFileType = image.png; name = glossy_button_blank_black_rectangle.png; path = ../../../../Downloads/glossy_button_blank_black_rectangle.png; sourceTree = "<group>"; };
		CD0D719E14E1C21800B12C38 /* glossy_button_blank_green_rectangle.png */ = {isa = PBXFileReference; lastKnownFileType = image.png; path = glossy_button_blank_green_rectangle.png; sourceTree = "<group>"; };
		CD0D71A014E1C28200B12C38 /* glossy_button_blank_red_rectangle.png */ = {isa = PBXFileReference; lastKnownFileType = image.png; path = glossy_button_blank_red_rectangle.png; sourceTree = "<group>"; };
		CD0D71A214E1C35400B12C38 /* glossy_button_blank_blue_rectangle.png */ = {isa = PBXFileReference; lastKnownFileType = image.png; path = glossy_button_blank_blue_rectangle.png; sourceTree = "<group>"; };
		CD0D71A414E1C63D00B12C38 /* CreateAccountController.h */ = {isa = PBXFileReference; fileEncoding = 4; lastKnownFileType = sourcecode.c.h; path = CreateAccountController.h; sourceTree = "<group>"; };
		CD0D71A514E1C63D00B12C38 /* CreateAccountController.m */ = {isa = PBXFileReference; fileEncoding = 4; lastKnownFileType = sourcecode.c.objc; path = CreateAccountController.m; sourceTree = "<group>"; };
		CD0D71A714E1C97100B12C38 /* CreateAccountView.xib */ = {isa = PBXFileReference; fileEncoding = 4; lastKnownFileType = file.xib; path = CreateAccountView.xib; sourceTree = "<group>"; };
		CD18398814C8B042003BFC54 /* LabelMeImage.jpg */ = {isa = PBXFileReference; lastKnownFileType = image.jpeg; path = LabelMeImage.jpg; sourceTree = "<group>"; };
		CD22C0C014D0730900404461 /* LabelMeImage.png */ = {isa = PBXFileReference; lastKnownFileType = image.png; path = LabelMeImage.png; sourceTree = "<group>"; };
		CD22C0C114D0730900404461 /* LabelMeImage1.jpg */ = {isa = PBXFileReference; lastKnownFileType = image.jpeg; path = LabelMeImage1.jpg; sourceTree = "<group>"; };
		CD22C0C214D0730900404461 /* LabelMeImage2.jpg */ = {isa = PBXFileReference; lastKnownFileType = image.jpeg; path = LabelMeImage2.jpg; sourceTree = "<group>"; };
		CD22C0C714D0751400404461 /* LabelMeIcon.png */ = {isa = PBXFileReference; lastKnownFileType = image.png; path = LabelMeIcon.png; sourceTree = "<group>"; };
		CD22C0C914D0753A00404461 /* LabelMeIcon.png */ = {isa = PBXFileReference; lastKnownFileType = image.png; path = LabelMeIcon.png; sourceTree = "<group>"; };
		CD22C0CF14D0A04900404461 /* BoxDrawView.h */ = {isa = PBXFileReference; fileEncoding = 4; lastKnownFileType = sourcecode.c.h; path = BoxDrawView.h; sourceTree = "<group>"; };
		CD22C0D014D0A04900404461 /* BoxDrawView.m */ = {isa = PBXFileReference; fileEncoding = 4; lastKnownFileType = sourcecode.c.objc; path = BoxDrawView.m; sourceTree = "<group>"; };
		CD2819871448C01F00634D37 /* CameraOverlay.xib */ = {isa = PBXFileReference; fileEncoding = 4; lastKnownFileType = file.xib; path = CameraOverlay.xib; sourceTree = "<group>"; };
		CD8AD705143A38DB005FCCFC /* AnnotationViewController.h */ = {isa = PBXFileReference; fileEncoding = 4; lastKnownFileType = sourcecode.c.h; path = AnnotationViewController.h; sourceTree = "<group>"; };
		CD8AD706143A38DB005FCCFC /* AnnotationViewController.m */ = {isa = PBXFileReference; fileEncoding = 4; lastKnownFileType = sourcecode.c.objc; path = AnnotationViewController.m; sourceTree = "<group>"; };
		CD9CBD521455E54700F15024 /* TracingOverlayViewController.h */ = {isa = PBXFileReference; fileEncoding = 4; lastKnownFileType = sourcecode.c.h; path = TracingOverlayViewController.h; sourceTree = "<group>"; };
		CD9CBD531455E54700F15024 /* TracingOverlayViewController.m */ = {isa = PBXFileReference; fileEncoding = 4; lastKnownFileType = sourcecode.c.objc; path = TracingOverlayViewController.m; sourceTree = "<group>"; };
		CD9CBD561455E58800F15024 /* TracingOverlayView.xib */ = {isa = PBXFileReference; fileEncoding = 4; lastKnownFileType = file.xib; path = TracingOverlayView.xib; sourceTree = "<group>"; };
		CDC4A9BD1433A5ED007660BB /* LabelMe.app */ = {isa = PBXFileReference; explicitFileType = wrapper.application; includeInIndex = 0; path = LabelMe.app; sourceTree = BUILT_PRODUCTS_DIR; };
		CDC4A9C11433A5ED007660BB /* UIKit.framework */ = {isa = PBXFileReference; lastKnownFileType = wrapper.framework; name = UIKit.framework; path = System/Library/Frameworks/UIKit.framework; sourceTree = SDKROOT; };
		CDC4A9C31433A5ED007660BB /* Foundation.framework */ = {isa = PBXFileReference; lastKnownFileType = wrapper.framework; name = Foundation.framework; path = System/Library/Frameworks/Foundation.framework; sourceTree = SDKROOT; };
		CDC4A9C51433A5ED007660BB /* CoreGraphics.framework */ = {isa = PBXFileReference; lastKnownFileType = wrapper.framework; name = CoreGraphics.framework; path = System/Library/Frameworks/CoreGraphics.framework; sourceTree = SDKROOT; };
		CDC4A9C71433A5ED007660BB /* CoreData.framework */ = {isa = PBXFileReference; lastKnownFileType = wrapper.framework; name = CoreData.framework; path = System/Library/Frameworks/CoreData.framework; sourceTree = SDKROOT; };
		CDC4A9CB1433A5ED007660BB /* LabelMe-Info.plist */ = {isa = PBXFileReference; lastKnownFileType = text.plist.xml; path = "LabelMe-Info.plist"; sourceTree = "<group>"; };
		CDC4A9CD1433A5ED007660BB /* en */ = {isa = PBXFileReference; lastKnownFileType = text.plist.strings; name = en; path = en.lproj/InfoPlist.strings; sourceTree = "<group>"; };
		CDC4A9CF1433A5ED007660BB /* main.m */ = {isa = PBXFileReference; lastKnownFileType = sourcecode.c.objc; path = main.m; sourceTree = "<group>"; };
		CDC4A9D11433A5ED007660BB /* LabelMe-Prefix.pch */ = {isa = PBXFileReference; lastKnownFileType = sourcecode.c.h; path = "LabelMe-Prefix.pch"; sourceTree = "<group>"; };
		CDC4A9D21433A5ED007660BB /* LabelMeAppDelegate.h */ = {isa = PBXFileReference; lastKnownFileType = sourcecode.c.h; path = LabelMeAppDelegate.h; sourceTree = "<group>"; };
		CDC4A9D31433A5EE007660BB /* LabelMeAppDelegate.m */ = {isa = PBXFileReference; lastKnownFileType = sourcecode.c.objc; path = LabelMeAppDelegate.m; sourceTree = "<group>"; };
		CDC4A9D61433A5EE007660BB /* LabelMe.xcdatamodel */ = {isa = PBXFileReference; lastKnownFileType = wrapper.xcdatamodel; path = LabelMe.xcdatamodel; sourceTree = "<group>"; };
		CDC4A9D91433A5EE007660BB /* LabelMeAppDelegate_iPhone.h */ = {isa = PBXFileReference; lastKnownFileType = sourcecode.c.h; name = LabelMeAppDelegate_iPhone.h; path = iPhone/LabelMeAppDelegate_iPhone.h; sourceTree = "<group>"; };
		CDC4A9DA1433A5EE007660BB /* LabelMeAppDelegate_iPhone.m */ = {isa = PBXFileReference; lastKnownFileType = sourcecode.c.objc; name = LabelMeAppDelegate_iPhone.m; path = iPhone/LabelMeAppDelegate_iPhone.m; sourceTree = "<group>"; };
		CDC4A9DD1433A5EE007660BB /* en */ = {isa = PBXFileReference; lastKnownFileType = file.xib; name = en; path = iPhone/en.lproj/MainWindow_iPhone.xib; sourceTree = "<group>"; };
		CDC4A9E01433A5EE007660BB /* LabelMeAppDelegate_iPad.h */ = {isa = PBXFileReference; lastKnownFileType = sourcecode.c.h; name = LabelMeAppDelegate_iPad.h; path = iPad/LabelMeAppDelegate_iPad.h; sourceTree = "<group>"; };
		CDC4A9E11433A5EE007660BB /* LabelMeAppDelegate_iPad.m */ = {isa = PBXFileReference; lastKnownFileType = sourcecode.c.objc; name = LabelMeAppDelegate_iPad.m; path = iPad/LabelMeAppDelegate_iPad.m; sourceTree = "<group>"; };
		CDC4A9E41433A5EE007660BB /* en */ = {isa = PBXFileReference; lastKnownFileType = file.xib; name = en; path = iPad/en.lproj/MainWindow_iPad.xib; sourceTree = "<group>"; };
		CDC4A9EB1433A5EE007660BB /* LabelMeTests.octest */ = {isa = PBXFileReference; explicitFileType = wrapper.cfbundle; includeInIndex = 0; path = LabelMeTests.octest; sourceTree = BUILT_PRODUCTS_DIR; };
		CDC4A9EC1433A5EE007660BB /* SenTestingKit.framework */ = {isa = PBXFileReference; lastKnownFileType = wrapper.framework; name = SenTestingKit.framework; path = Library/Frameworks/SenTestingKit.framework; sourceTree = DEVELOPER_DIR; };
		CDC4A9F61433A5EE007660BB /* LabelMeTests-Info.plist */ = {isa = PBXFileReference; lastKnownFileType = text.plist.xml; path = "LabelMeTests-Info.plist"; sourceTree = "<group>"; };
		CDC4A9F81433A5EE007660BB /* en */ = {isa = PBXFileReference; lastKnownFileType = text.plist.strings; name = en; path = en.lproj/InfoPlist.strings; sourceTree = "<group>"; };
		CDC4A9FA1433A5EE007660BB /* LabelMeTests.h */ = {isa = PBXFileReference; lastKnownFileType = sourcecode.c.h; path = LabelMeTests.h; sourceTree = "<group>"; };
		CDC4A9FC1433A5EE007660BB /* LabelMeTests.m */ = {isa = PBXFileReference; lastKnownFileType = sourcecode.c.objc; path = LabelMeTests.m; sourceTree = "<group>"; };
		CDE26978143652D400B200FE /* LabelMeViewController.h */ = {isa = PBXFileReference; fileEncoding = 4; lastKnownFileType = sourcecode.c.h; path = LabelMeViewController.h; sourceTree = "<group>"; };
		CDE26979143652D400B200FE /* LabelMeViewController.m */ = {isa = PBXFileReference; fileEncoding = 4; lastKnownFileType = sourcecode.c.objc; path = LabelMeViewController.m; sourceTree = "<group>"; };
		CDE2697B1436542800B200FE /* CameraOverlayViewController.h */ = {isa = PBXFileReference; fileEncoding = 4; lastKnownFileType = sourcecode.c.h; path = CameraOverlayViewController.h; sourceTree = "<group>"; };
		CDE2697C1436542800B200FE /* CameraOverlayViewController.m */ = {isa = PBXFileReference; fileEncoding = 4; lastKnownFileType = sourcecode.c.objc; path = CameraOverlayViewController.m; sourceTree = "<group>"; };
		CDE93D2314CF4E6400C4B50A /* Cloud1.png */ = {isa = PBXFileReference; lastKnownFileType = image.png; path = Cloud1.png; sourceTree = "<group>"; };
		CDE93D2414CF4E6400C4B50A /* Cloud2.png */ = {isa = PBXFileReference; lastKnownFileType = image.png; path = Cloud2.png; sourceTree = "<group>"; };
		CDE93D2514CF4E6400C4B50A /* Cloud3.png */ = {isa = PBXFileReference; lastKnownFileType = image.png; path = Cloud3.png; sourceTree = "<group>"; };
		CDE93D2614CF4E6400C4B50A /* Cloud4.png */ = {isa = PBXFileReference; lastKnownFileType = image.png; path = Cloud4.png; sourceTree = "<group>"; };
		CDF0CDE2143F77E20094CA4F /* AnnotationView.xib */ = {isa = PBXFileReference; fileEncoding = 4; lastKnownFileType = file.xib; path = AnnotationView.xib; sourceTree = "<group>"; };
/* End PBXFileReference section */

/* Begin PBXFrameworksBuildPhase section */
		CDC4A9BA1433A5ED007660BB /* Frameworks */ = {
			isa = PBXFrameworksBuildPhase;
			buildActionMask = 2147483647;
			files = (
				CDC4A9C21433A5ED007660BB /* UIKit.framework in Frameworks */,
				CDC4A9C41433A5ED007660BB /* Foundation.framework in Frameworks */,
				CDC4A9C61433A5ED007660BB /* CoreGraphics.framework in Frameworks */,
				CDC4A9C81433A5ED007660BB /* CoreData.framework in Frameworks */,
			);
			runOnlyForDeploymentPostprocessing = 0;
		};
		CDC4A9E71433A5EE007660BB /* Frameworks */ = {
			isa = PBXFrameworksBuildPhase;
			buildActionMask = 2147483647;
			files = (
				CDC4A9ED1433A5EE007660BB /* SenTestingKit.framework in Frameworks */,
				CDC4A9EE1433A5EE007660BB /* UIKit.framework in Frameworks */,
				CDC4A9EF1433A5EE007660BB /* Foundation.framework in Frameworks */,
				CDC4A9F01433A5EE007660BB /* CoreGraphics.framework in Frameworks */,
				CDC4A9F11433A5EE007660BB /* CoreData.framework in Frameworks */,
			);
			runOnlyForDeploymentPostprocessing = 0;
		};
/* End PBXFrameworksBuildPhase section */

/* Begin PBXGroup section */
		CDC4A9B21433A5ED007660BB = {
			isa = PBXGroup;
			children = (
				CD22C0C914D0753A00404461 /* LabelMeIcon.png */,
				CDC4A9C91433A5ED007660BB /* LabelMe */,
				CDC4A9F41433A5EE007660BB /* LabelMeTests */,
				CDC4A9C01433A5ED007660BB /* Frameworks */,
				CDC4A9BE1433A5ED007660BB /* Products */,
			);
			sourceTree = "<group>";
		};
		CDC4A9BE1433A5ED007660BB /* Products */ = {
			isa = PBXGroup;
			children = (
				CDC4A9BD1433A5ED007660BB /* LabelMe.app */,
				CDC4A9EB1433A5EE007660BB /* LabelMeTests.octest */,
			);
			name = Products;
			sourceTree = "<group>";
		};
		CDC4A9C01433A5ED007660BB /* Frameworks */ = {
			isa = PBXGroup;
			children = (
				CDC4A9C11433A5ED007660BB /* UIKit.framework */,
				CDC4A9C31433A5ED007660BB /* Foundation.framework */,
				CDC4A9C51433A5ED007660BB /* CoreGraphics.framework */,
				CDC4A9C71433A5ED007660BB /* CoreData.framework */,
				CDC4A9EC1433A5EE007660BB /* SenTestingKit.framework */,
			);
			name = Frameworks;
			sourceTree = "<group>";
		};
		CDC4A9C91433A5ED007660BB /* LabelMe */ = {
			isa = PBXGroup;
			children = (
				CDC4A9D21433A5ED007660BB /* LabelMeAppDelegate.h */,
				CDC4A9D31433A5EE007660BB /* LabelMeAppDelegate.m */,
				CDE26978143652D400B200FE /* LabelMeViewController.h */,
				CDE26979143652D400B200FE /* LabelMeViewController.m */,
				CD0D71A414E1C63D00B12C38 /* CreateAccountController.h */,
				CD0D71A514E1C63D00B12C38 /* CreateAccountController.m */,
				CD0D71A714E1C97100B12C38 /* CreateAccountView.xib */,
				CD8AD705143A38DB005FCCFC /* AnnotationViewController.h */,
				CD8AD706143A38DB005FCCFC /* AnnotationViewController.m */,
				CDF0CDE2143F77E20094CA4F /* AnnotationView.xib */,
				CDE2697B1436542800B200FE /* CameraOverlayViewController.h */,
				CDE2697C1436542800B200FE /* CameraOverlayViewController.m */,
				CD2819871448C01F00634D37 /* CameraOverlay.xib */,
				CD9CBD521455E54700F15024 /* TracingOverlayViewController.h */,
				CD9CBD531455E54700F15024 /* TracingOverlayViewController.m */,
				CD22C0CF14D0A04900404461 /* BoxDrawView.h */,
				CD22C0D014D0A04900404461 /* BoxDrawView.m */,
				CD9CBD561455E58800F15024 /* TracingOverlayView.xib */,
				CDC4A9D51433A5EE007660BB /* LabelMe.xcdatamodeld */,
				CDC4A9D81433A5EE007660BB /* iPhone */,
				CDC4A9DF1433A5EE007660BB /* iPad */,
				CDC4A9CA1433A5ED007660BB /* Supporting Files */,
			);
			path = LabelMe;
			sourceTree = "<group>";
		};
		CDC4A9CA1433A5ED007660BB /* Supporting Files */ = {
			isa = PBXGroup;
			children = (
				CDC4A9CB1433A5ED007660BB /* LabelMe-Info.plist */,
				CD22C0C714D0751400404461 /* LabelMeIcon.png */,
				CD22C0C014D0730900404461 /* LabelMeImage.png */,
				CD22C0C114D0730900404461 /* LabelMeImage1.jpg */,
				CD22C0C214D0730900404461 /* LabelMeImage2.jpg */,
				CDC4A9CC1433A5ED007660BB /* InfoPlist.strings */,
				CDC4A9CF1433A5ED007660BB /* main.m */,
				CDC4A9D11433A5ED007660BB /* LabelMe-Prefix.pch */,
				CD0D71A214E1C35400B12C38 /* glossy_button_blank_blue_rectangle.png */,
				CD0D71A014E1C28200B12C38 /* glossy_button_blank_red_rectangle.png */,
				CD0D719E14E1C21800B12C38 /* glossy_button_blank_green_rectangle.png */,
				CD0D719B14E1BE3800B12C38 /* glossy_button_blank_black_rectangle.png */,
				CDE93D2314CF4E6400C4B50A /* Cloud1.png */,
				CDE93D2414CF4E6400C4B50A /* Cloud2.png */,
				CDE93D2514CF4E6400C4B50A /* Cloud3.png */,
				CDE93D2614CF4E6400C4B50A /* Cloud4.png */,
			);
			name = "Supporting Files";
			sourceTree = "<group>";
		};
		CDC4A9D81433A5EE007660BB /* iPhone */ = {
			isa = PBXGroup;
			children = (
				CDC4A9D91433A5EE007660BB /* LabelMeAppDelegate_iPhone.h */,
				CDC4A9DA1433A5EE007660BB /* LabelMeAppDelegate_iPhone.m */,
				CDC4A9DC1433A5EE007660BB /* MainWindow_iPhone.xib */,
				CD18398814C8B042003BFC54 /* LabelMeImage.jpg */,
			);
			name = iPhone;
			sourceTree = "<group>";
		};
		CDC4A9DF1433A5EE007660BB /* iPad */ = {
			isa = PBXGroup;
			children = (
				CDC4A9E01433A5EE007660BB /* LabelMeAppDelegate_iPad.h */,
				CDC4A9E11433A5EE007660BB /* LabelMeAppDelegate_iPad.m */,
				CDC4A9E31433A5EE007660BB /* MainWindow_iPad.xib */,
			);
			name = iPad;
			sourceTree = "<group>";
		};
		CDC4A9F41433A5EE007660BB /* LabelMeTests */ = {
			isa = PBXGroup;
			children = (
				CDC4A9FA1433A5EE007660BB /* LabelMeTests.h */,
				CDC4A9FC1433A5EE007660BB /* LabelMeTests.m */,
				CDC4A9F51433A5EE007660BB /* Supporting Files */,
			);
			path = LabelMeTests;
			sourceTree = "<group>";
		};
		CDC4A9F51433A5EE007660BB /* Supporting Files */ = {
			isa = PBXGroup;
			children = (
				CDC4A9F61433A5EE007660BB /* LabelMeTests-Info.plist */,
				CDC4A9F71433A5EE007660BB /* InfoPlist.strings */,
			);
			name = "Supporting Files";
			sourceTree = "<group>";
		};
/* End PBXGroup section */

/* Begin PBXNativeTarget section */
		CDC4A9BC1433A5ED007660BB /* LabelMe */ = {
			isa = PBXNativeTarget;
			buildConfigurationList = CDC4AA001433A5EE007660BB /* Build configuration list for PBXNativeTarget "LabelMe" */;
			buildPhases = (
				CDC4A9B91433A5ED007660BB /* Sources */,
				CDC4A9BA1433A5ED007660BB /* Frameworks */,
				CDC4A9BB1433A5ED007660BB /* Resources */,
			);
			buildRules = (
			);
			dependencies = (
			);
			name = LabelMe;
			productName = LabelMe;
			productReference = CDC4A9BD1433A5ED007660BB /* LabelMe.app */;
			productType = "com.apple.product-type.application";
		};
		CDC4A9EA1433A5EE007660BB /* LabelMeTests */ = {
			isa = PBXNativeTarget;
			buildConfigurationList = CDC4AA031433A5EE007660BB /* Build configuration list for PBXNativeTarget "LabelMeTests" */;
			buildPhases = (
				CDC4A9E61433A5EE007660BB /* Sources */,
				CDC4A9E71433A5EE007660BB /* Frameworks */,
				CDC4A9E81433A5EE007660BB /* Resources */,
				CDC4A9E91433A5EE007660BB /* ShellScript */,
			);
			buildRules = (
			);
			dependencies = (
				CDC4A9F31433A5EE007660BB /* PBXTargetDependency */,
			);
			name = LabelMeTests;
			productName = LabelMeTests;
			productReference = CDC4A9EB1433A5EE007660BB /* LabelMeTests.octest */;
			productType = "com.apple.product-type.bundle";
		};
/* End PBXNativeTarget section */

/* Begin PBXProject section */
		CDC4A9B41433A5ED007660BB /* Project object */ = {
			isa = PBXProject;
			attributes = {
				LastUpgradeCheck = 0420;
			};
			buildConfigurationList = CDC4A9B71433A5ED007660BB /* Build configuration list for PBXProject "LabelMe" */;
			compatibilityVersion = "Xcode 3.2";
			developmentRegion = English;
			hasScannedForEncodings = 0;
			knownRegions = (
				en,
			);
			mainGroup = CDC4A9B21433A5ED007660BB;
			productRefGroup = CDC4A9BE1433A5ED007660BB /* Products */;
			projectDirPath = "";
			projectRoot = "";
			targets = (
				CDC4A9BC1433A5ED007660BB /* LabelMe */,
				CDC4A9EA1433A5EE007660BB /* LabelMeTests */,
			);
		};
/* End PBXProject section */

/* Begin PBXResourcesBuildPhase section */
		CDC4A9BB1433A5ED007660BB /* Resources */ = {
			isa = PBXResourcesBuildPhase;
			buildActionMask = 2147483647;
			files = (
				CDC4A9CE1433A5ED007660BB /* InfoPlist.strings in Resources */,
				CDC4A9DE1433A5EE007660BB /* MainWindow_iPhone.xib in Resources */,
				CDC4A9E51433A5EE007660BB /* MainWindow_iPad.xib in Resources */,
				CDF0CDE3143F77E20094CA4F /* AnnotationView.xib in Resources */,
				CD2819881448C01F00634D37 /* CameraOverlay.xib in Resources */,
				CD9CBD571455E58800F15024 /* TracingOverlayView.xib in Resources */,
				CD18398914C8B042003BFC54 /* LabelMeImage.jpg in Resources */,
				CDE93D2714CF4E6400C4B50A /* Cloud1.png in Resources */,
				CDE93D2814CF4E6400C4B50A /* Cloud2.png in Resources */,
				CDE93D2914CF4E6400C4B50A /* Cloud3.png in Resources */,
				CDE93D2A14CF4E6400C4B50A /* Cloud4.png in Resources */,
				CD22C0C314D0730900404461 /* LabelMeImage.png in Resources */,
				CD22C0C414D0730900404461 /* LabelMeImage1.jpg in Resources */,
				CD22C0C514D0730900404461 /* LabelMeImage2.jpg in Resources */,
				CD22C0C814D0751400404461 /* LabelMeIcon.png in Resources */,
				CD22C0CA14D0753A00404461 /* LabelMeIcon.png in Resources */,
				CD0D719C14E1BE3800B12C38 /* glossy_button_blank_black_rectangle.png in Resources */,
				CD0D719F14E1C21800B12C38 /* glossy_button_blank_green_rectangle.png in Resources */,
				CD0D71A114E1C28200B12C38 /* glossy_button_blank_red_rectangle.png in Resources */,
				CD0D71A314E1C35400B12C38 /* glossy_button_blank_blue_rectangle.png in Resources */,
				CD0D71A814E1C97100B12C38 /* CreateAccountView.xib in Resources */,
			);
			runOnlyForDeploymentPostprocessing = 0;
		};
		CDC4A9E81433A5EE007660BB /* Resources */ = {
			isa = PBXResourcesBuildPhase;
			buildActionMask = 2147483647;
			files = (
				CDC4A9F91433A5EE007660BB /* InfoPlist.strings in Resources */,
				CDC4A9FB1433A5EE007660BB /* LabelMeTests.h in Resources */,
			);
			runOnlyForDeploymentPostprocessing = 0;
		};
/* End PBXResourcesBuildPhase section */

/* Begin PBXShellScriptBuildPhase section */
		CDC4A9E91433A5EE007660BB /* ShellScript */ = {
			isa = PBXShellScriptBuildPhase;
			buildActionMask = 2147483647;
			files = (
			);
			inputPaths = (
			);
			outputPaths = (
			);
			runOnlyForDeploymentPostprocessing = 0;
			shellPath = /bin/sh;
			shellScript = "# Run the unit tests in this test bundle.\n\"${SYSTEM_DEVELOPER_DIR}/Tools/RunUnitTests\"\n";
		};
/* End PBXShellScriptBuildPhase section */

/* Begin PBXSourcesBuildPhase section */
		CDC4A9B91433A5ED007660BB /* Sources */ = {
			isa = PBXSourcesBuildPhase;
			buildActionMask = 2147483647;
			files = (
				CDC4A9D01433A5ED007660BB /* main.m in Sources */,
				CDC4A9D41433A5EE007660BB /* LabelMeAppDelegate.m in Sources */,
				CDC4A9D71433A5EE007660BB /* LabelMe.xcdatamodeld in Sources */,
				CDC4A9DB1433A5EE007660BB /* LabelMeAppDelegate_iPhone.m in Sources */,
				CDC4A9E21433A5EE007660BB /* LabelMeAppDelegate_iPad.m in Sources */,
				CDE2697A143652D400B200FE /* LabelMeViewController.m in Sources */,
				CDE2697D1436542800B200FE /* CameraOverlayViewController.m in Sources */,
				CD8AD707143A38DB005FCCFC /* AnnotationViewController.m in Sources */,
				CD9CBD541455E54700F15024 /* TracingOverlayViewController.m in Sources */,
				CD22C0D114D0A04900404461 /* BoxDrawView.m in Sources */,
				CD0D71A614E1C63D00B12C38 /* CreateAccountController.m in Sources */,
			);
			runOnlyForDeploymentPostprocessing = 0;
		};
		CDC4A9E61433A5EE007660BB /* Sources */ = {
			isa = PBXSourcesBuildPhase;
			buildActionMask = 2147483647;
			files = (
				CDC4A9FD1433A5EE007660BB /* LabelMeTests.m in Sources */,
			);
			runOnlyForDeploymentPostprocessing = 0;
		};
/* End PBXSourcesBuildPhase section */

/* Begin PBXTargetDependency section */
		CDC4A9F31433A5EE007660BB /* PBXTargetDependency */ = {
			isa = PBXTargetDependency;
			target = CDC4A9BC1433A5ED007660BB /* LabelMe */;
			targetProxy = CDC4A9F21433A5EE007660BB /* PBXContainerItemProxy */;
		};
/* End PBXTargetDependency section */

/* Begin PBXVariantGroup section */
		CDC4A9CC1433A5ED007660BB /* InfoPlist.strings */ = {
			isa = PBXVariantGroup;
			children = (
				CDC4A9CD1433A5ED007660BB /* en */,
			);
			name = InfoPlist.strings;
			sourceTree = "<group>";
		};
		CDC4A9DC1433A5EE007660BB /* MainWindow_iPhone.xib */ = {
			isa = PBXVariantGroup;
			children = (
				CDC4A9DD1433A5EE007660BB /* en */,
			);
			name = MainWindow_iPhone.xib;
			sourceTree = "<group>";
		};
		CDC4A9E31433A5EE007660BB /* MainWindow_iPad.xib */ = {
			isa = PBXVariantGroup;
			children = (
				CDC4A9E41433A5EE007660BB /* en */,
			);
			name = MainWindow_iPad.xib;
			sourceTree = "<group>";
		};
		CDC4A9F71433A5EE007660BB /* InfoPlist.strings */ = {
			isa = PBXVariantGroup;
			children = (
				CDC4A9F81433A5EE007660BB /* en */,
			);
			name = InfoPlist.strings;
			sourceTree = "<group>";
		};
/* End PBXVariantGroup section */

/* Begin XCBuildConfiguration section */
		CDC4A9FE1433A5EE007660BB /* Debug */ = {
			isa = XCBuildConfiguration;
			buildSettings = {
				ALWAYS_SEARCH_USER_PATHS = NO;
				ARCHS = "$(ARCHS_STANDARD_32_BIT)";
				"CODE_SIGN_IDENTITY[sdk=iphoneos*]" = "iPhone Developer";
				COPY_PHASE_STRIP = NO;
				GCC_C_LANGUAGE_STANDARD = gnu99;
				GCC_DYNAMIC_NO_PIC = NO;
				GCC_OPTIMIZATION_LEVEL = 0;
				GCC_PREPROCESSOR_DEFINITIONS = (
					"DEBUG=1",
					"$(inherited)",
				);
				GCC_SYMBOLS_PRIVATE_EXTERN = NO;
				GCC_VERSION = com.apple.compilers.llvmgcc42;
				GCC_WARN_ABOUT_MISSING_PROTOTYPES = YES;
				GCC_WARN_ABOUT_RETURN_TYPE = YES;
				GCC_WARN_UNUSED_VARIABLE = YES;
				IPHONEOS_DEPLOYMENT_TARGET = 4.3;
				SDKROOT = iphoneos;
				TARGETED_DEVICE_FAMILY = "1,2";
			};
			name = Debug;
		};
		CDC4A9FF1433A5EE007660BB /* Release */ = {
			isa = XCBuildConfiguration;
			buildSettings = {
				ALWAYS_SEARCH_USER_PATHS = NO;
				ARCHS = "$(ARCHS_STANDARD_32_BIT)";
				"CODE_SIGN_IDENTITY[sdk=iphoneos*]" = "iPhone Developer";
				COPY_PHASE_STRIP = YES;
				GCC_C_LANGUAGE_STANDARD = gnu99;
				GCC_VERSION = com.apple.compilers.llvmgcc42;
				GCC_WARN_ABOUT_MISSING_PROTOTYPES = YES;
				GCC_WARN_ABOUT_RETURN_TYPE = YES;
				GCC_WARN_UNUSED_VARIABLE = YES;
				IPHONEOS_DEPLOYMENT_TARGET = 4.3;
				OTHER_CFLAGS = "-DNS_BLOCK_ASSERTIONS=1";
				SDKROOT = iphoneos;
				TARGETED_DEVICE_FAMILY = "1,2";
				VALIDATE_PRODUCT = YES;
			};
			name = Release;
		};
		CDC4AA011433A5EE007660BB /* Debug */ = {
			isa = XCBuildConfiguration;
			buildSettings = {
				GCC_PRECOMPILE_PREFIX_HEADER = YES;
				GCC_PREFIX_HEADER = "LabelMe/LabelMe-Prefix.pch";
				GCC_VERSION = com.apple.compilers.llvm.clang.1_0;
				INFOPLIST_FILE = "LabelMe/LabelMe-Info.plist";
				PRODUCT_NAME = "$(TARGET_NAME)";
				WRAPPER_EXTENSION = app;
			};
			name = Debug;
		};
		CDC4AA021433A5EE007660BB /* Release */ = {
			isa = XCBuildConfiguration;
			buildSettings = {
				GCC_PRECOMPILE_PREFIX_HEADER = YES;
				GCC_PREFIX_HEADER = "LabelMe/LabelMe-Prefix.pch";
				GCC_VERSION = com.apple.compilers.llvm.clang.1_0;
				INFOPLIST_FILE = "LabelMe/LabelMe-Info.plist";
				PRODUCT_NAME = "$(TARGET_NAME)";
				WRAPPER_EXTENSION = app;
			};
			name = Release;
		};
		CDC4AA041433A5EE007660BB /* Debug */ = {
			isa = XCBuildConfiguration;
			buildSettings = {
				BUNDLE_LOADER = "$(BUILT_PRODUCTS_DIR)/LabelMe.app/LabelMe";
				FRAMEWORK_SEARCH_PATHS = (
					"$(SDKROOT)/Developer/Library/Frameworks",
					"$(DEVELOPER_LIBRARY_DIR)/Frameworks",
				);
				GCC_PRECOMPILE_PREFIX_HEADER = YES;
				GCC_PREFIX_HEADER = "LabelMe/LabelMe-Prefix.pch";
				GCC_VERSION = com.apple.compilers.llvm.clang.1_0;
				INFOPLIST_FILE = "LabelMeTests/LabelMeTests-Info.plist";
				PRODUCT_NAME = "$(TARGET_NAME)";
				TEST_HOST = "$(BUNDLE_LOADER)";
				WRAPPER_EXTENSION = octest;
			};
			name = Debug;
		};
		CDC4AA051433A5EE007660BB /* Release */ = {
			isa = XCBuildConfiguration;
			buildSettings = {
				BUNDLE_LOADER = "$(BUILT_PRODUCTS_DIR)/LabelMe.app/LabelMe";
				FRAMEWORK_SEARCH_PATHS = (
					"$(SDKROOT)/Developer/Library/Frameworks",
					"$(DEVELOPER_LIBRARY_DIR)/Frameworks",
				);
				GCC_PRECOMPILE_PREFIX_HEADER = YES;
				GCC_PREFIX_HEADER = "LabelMe/LabelMe-Prefix.pch";
				GCC_VERSION = com.apple.compilers.llvm.clang.1_0;
				INFOPLIST_FILE = "LabelMeTests/LabelMeTests-Info.plist";
				PRODUCT_NAME = "$(TARGET_NAME)";
				TEST_HOST = "$(BUNDLE_LOADER)";
				WRAPPER_EXTENSION = octest;
			};
			name = Release;
		};
/* End XCBuildConfiguration section */

/* Begin XCConfigurationList section */
		CDC4A9B71433A5ED007660BB /* Build configuration list for PBXProject "LabelMe" */ = {
			isa = XCConfigurationList;
			buildConfigurations = (
				CDC4A9FE1433A5EE007660BB /* Debug */,
				CDC4A9FF1433A5EE007660BB /* Release */,
			);
			defaultConfigurationIsVisible = 0;
			defaultConfigurationName = Release;
		};
		CDC4AA001433A5EE007660BB /* Build configuration list for PBXNativeTarget "LabelMe" */ = {
			isa = XCConfigurationList;
			buildConfigurations = (
				CDC4AA011433A5EE007660BB /* Debug */,
				CDC4AA021433A5EE007660BB /* Release */,
			);
			defaultConfigurationIsVisible = 0;
			defaultConfigurationName = Release;
		};
		CDC4AA031433A5EE007660BB /* Build configuration list for PBXNativeTarget "LabelMeTests" */ = {
			isa = XCConfigurationList;
			buildConfigurations = (
				CDC4AA041433A5EE007660BB /* Debug */,
				CDC4AA051433A5EE007660BB /* Release */,
			);
			defaultConfigurationIsVisible = 0;
			defaultConfigurationName = Release;
		};
/* End XCConfigurationList section */

/* Begin XCVersionGroup section */
		CDC4A9D51433A5EE007660BB /* LabelMe.xcdatamodeld */ = {
			isa = XCVersionGroup;
			children = (
				CDC4A9D61433A5EE007660BB /* LabelMe.xcdatamodel */,
			);
			currentVersion = CDC4A9D61433A5EE007660BB /* LabelMe.xcdatamodel */;
			path = LabelMe.xcdatamodeld;
			sourceTree = "<group>";
			versionGroupType = wrapper.xcdatamodel;
		};
/* End XCVersionGroup section */
	};
	rootObject = CDC4A9B41433A5ED007660BB /* Project object */;
}
